// !$*UTF8*$!
{
	archiveVersion = 1;
	classes = {
	};
	objectVersion = 50;
	objects = {

/* Begin PBXBuildFile section */
		07E74F5D21451B9F00797A60 /* AppDelegate.swift in Sources */ = {isa = PBXBuildFile; fileRef = 07E74F5C21451B9F00797A60 /* AppDelegate.swift */; };
		07E74F5F21451B9F00797A60 /* ViewController.swift in Sources */ = {isa = PBXBuildFile; fileRef = 07E74F5E21451B9F00797A60 /* ViewController.swift */; };
		07E74F6221451B9F00797A60 /* Main.storyboard in Resources */ = {isa = PBXBuildFile; fileRef = 07E74F6021451B9F00797A60 /* Main.storyboard */; };
		07E74F6421451BA300797A60 /* Assets.xcassets in Resources */ = {isa = PBXBuildFile; fileRef = 07E74F6321451BA300797A60 /* Assets.xcassets */; };
		07E74F6721451BA300797A60 /* LaunchScreen.storyboard in Resources */ = {isa = PBXBuildFile; fileRef = 07E74F6521451BA300797A60 /* LaunchScreen.storyboard */; };
		07E74F7221451BA300797A60 /* CICD_DemoTests.swift in Sources */ = {isa = PBXBuildFile; fileRef = 07E74F7121451BA300797A60 /* CICD_DemoTests.swift */; };
/* End PBXBuildFile section */

/* Begin PBXContainerItemProxy section */
		07E74F6E21451BA300797A60 /* PBXContainerItemProxy */ = {
			isa = PBXContainerItemProxy;
			containerPortal = 07E74F5121451B9F00797A60 /* Project object */;
			proxyType = 1;
			remoteGlobalIDString = 07E74F5821451B9F00797A60;
			remoteInfo = CICD_Demo;
		};
/* End PBXContainerItemProxy section */

/* Begin PBXFileReference section */
		07E74F5921451B9F00797A60 /* CICD_Demo.app */ = {isa = PBXFileReference; explicitFileType = wrapper.application; includeInIndex = 0; path = CICD_Demo.app; sourceTree = BUILT_PRODUCTS_DIR; };
		07E74F5C21451B9F00797A60 /* AppDelegate.swift */ = {isa = PBXFileReference; lastKnownFileType = sourcecode.swift; path = AppDelegate.swift; sourceTree = "<group>"; };
		07E74F5E21451B9F00797A60 /* ViewController.swift */ = {isa = PBXFileReference; lastKnownFileType = sourcecode.swift; path = ViewController.swift; sourceTree = "<group>"; };
		07E74F6121451B9F00797A60 /* Base */ = {isa = PBXFileReference; lastKnownFileType = file.storyboard; name = Base; path = Base.lproj/Main.storyboard; sourceTree = "<group>"; };
		07E74F6321451BA300797A60 /* Assets.xcassets */ = {isa = PBXFileReference; lastKnownFileType = folder.assetcatalog; path = Assets.xcassets; sourceTree = "<group>"; };
		07E74F6621451BA300797A60 /* Base */ = {isa = PBXFileReference; lastKnownFileType = file.storyboard; name = Base; path = Base.lproj/LaunchScreen.storyboard; sourceTree = "<group>"; };
		07E74F6821451BA300797A60 /* Info.plist */ = {isa = PBXFileReference; lastKnownFileType = text.plist.xml; path = Info.plist; sourceTree = "<group>"; };
		07E74F6D21451BA300797A60 /* CICD_DemoTests.xctest */ = {isa = PBXFileReference; explicitFileType = wrapper.cfbundle; includeInIndex = 0; path = CICD_DemoTests.xctest; sourceTree = BUILT_PRODUCTS_DIR; };
		07E74F7121451BA300797A60 /* CICD_DemoTests.swift */ = {isa = PBXFileReference; lastKnownFileType = sourcecode.swift; path = CICD_DemoTests.swift; sourceTree = "<group>"; };
		07E74F7321451BA300797A60 /* Info.plist */ = {isa = PBXFileReference; lastKnownFileType = text.plist.xml; path = Info.plist; sourceTree = "<group>"; };
/* End PBXFileReference section */

/* Begin PBXFrameworksBuildPhase section */
		07E74F5621451B9F00797A60 /* Frameworks */ = {
			isa = PBXFrameworksBuildPhase;
			buildActionMask = 2147483647;
			files = (
			);
			runOnlyForDeploymentPostprocessing = 0;
		};
		07E74F6A21451BA300797A60 /* Frameworks */ = {
			isa = PBXFrameworksBuildPhase;
			buildActionMask = 2147483647;
			files = (
			);
			runOnlyForDeploymentPostprocessing = 0;
		};
/* End PBXFrameworksBuildPhase section */

/* Begin PBXGroup section */
		07E74F5021451B9F00797A60 = {
			isa = PBXGroup;
			children = (
				07E74F5B21451B9F00797A60 /* CICD_Demo */,
				07E74F7021451BA300797A60 /* CICD_DemoTests */,
				07E74F5A21451B9F00797A60 /* Products */,
			);
			sourceTree = "<group>";
		};
		07E74F5A21451B9F00797A60 /* Products */ = {
			isa = PBXGroup;
			children = (
				07E74F5921451B9F00797A60 /* CICD_Demo.app */,
				07E74F6D21451BA300797A60 /* CICD_DemoTests.xctest */,
			);
			name = Products;
			sourceTree = "<group>";
		};
		07E74F5B21451B9F00797A60 /* CICD_Demo */ = {
			isa = PBXGroup;
			children = (
				07E74F5C21451B9F00797A60 /* AppDelegate.swift */,
				07E74F5E21451B9F00797A60 /* ViewController.swift */,
				07E74F6021451B9F00797A60 /* Main.storyboard */,
				07E74F6321451BA300797A60 /* Assets.xcassets */,
				07E74F6521451BA300797A60 /* LaunchScreen.storyboard */,
				07E74F6821451BA300797A60 /* Info.plist */,
			);
			path = CICD_Demo;
			sourceTree = "<group>";
		};
		07E74F7021451BA300797A60 /* CICD_DemoTests */ = {
			isa = PBXGroup;
			children = (
				07E74F7121451BA300797A60 /* CICD_DemoTests.swift */,
				07E74F7321451BA300797A60 /* Info.plist */,
			);
			path = CICD_DemoTests;
			sourceTree = "<group>";
		};
/* End PBXGroup section */

/* Begin PBXNativeTarget section */
		07E74F5821451B9F00797A60 /* CICD_Demo */ = {
			isa = PBXNativeTarget;
			buildConfigurationList = 07E74F7621451BA300797A60 /* Build configuration list for PBXNativeTarget "CICD_Demo" */;
			buildPhases = (
				07E74F5521451B9F00797A60 /* Sources */,
				07E74F5621451B9F00797A60 /* Frameworks */,
				07E74F5721451B9F00797A60 /* Resources */,
			);
			buildRules = (
			);
			dependencies = (
			);
			name = CICD_Demo;
			productName = CICD_Demo;
			productReference = 07E74F5921451B9F00797A60 /* CICD_Demo.app */;
			productType = "com.apple.product-type.application";
		};
		07E74F6C21451BA300797A60 /* CICD_DemoTests */ = {
			isa = PBXNativeTarget;
			buildConfigurationList = 07E74F7921451BA300797A60 /* Build configuration list for PBXNativeTarget "CICD_DemoTests" */;
			buildPhases = (
				07E74F6921451BA300797A60 /* Sources */,
				07E74F6A21451BA300797A60 /* Frameworks */,
				07E74F6B21451BA300797A60 /* Resources */,
			);
			buildRules = (
			);
			dependencies = (
				07E74F6F21451BA300797A60 /* PBXTargetDependency */,
			);
			name = CICD_DemoTests;
			productName = CICD_DemoTests;
			productReference = 07E74F6D21451BA300797A60 /* CICD_DemoTests.xctest */;
			productType = "com.apple.product-type.bundle.unit-test";
		};
/* End PBXNativeTarget section */

/* Begin PBXProject section */
		07E74F5121451B9F00797A60 /* Project object */ = {
			isa = PBXProject;
			attributes = {
				LastSwiftUpdateCheck = 0940;
				LastUpgradeCheck = 0940;
				ORGANIZATIONNAME = "Hung Chang Lo";
				TargetAttributes = {
					07E74F5821451B9F00797A60 = {
						CreatedOnToolsVersion = 9.4.1;
					};
					07E74F6C21451BA300797A60 = {
						CreatedOnToolsVersion = 9.4.1;
						TestTargetID = 07E74F5821451B9F00797A60;
					};
				};
			};
			buildConfigurationList = 07E74F5421451B9F00797A60 /* Build configuration list for PBXProject "CICD_Demo" */;
			compatibilityVersion = "Xcode 9.3";
			developmentRegion = en;
			hasScannedForEncodings = 0;
			knownRegions = (
				en,
				Base,
			);
			mainGroup = 07E74F5021451B9F00797A60;
			productRefGroup = 07E74F5A21451B9F00797A60 /* Products */;
			projectDirPath = "";
			projectRoot = "";
			targets = (
				07E74F5821451B9F00797A60 /* CICD_Demo */,
				07E74F6C21451BA300797A60 /* CICD_DemoTests */,
			);
		};
/* End PBXProject section */

/* Begin PBXResourcesBuildPhase section */
		07E74F5721451B9F00797A60 /* Resources */ = {
			isa = PBXResourcesBuildPhase;
			buildActionMask = 2147483647;
			files = (
				07E74F6721451BA300797A60 /* LaunchScreen.storyboard in Resources */,
				07E74F6421451BA300797A60 /* Assets.xcassets in Resources */,
				07E74F6221451B9F00797A60 /* Main.storyboard in Resources */,
			);
			runOnlyForDeploymentPostprocessing = 0;
		};
		07E74F6B21451BA300797A60 /* Resources */ = {
			isa = PBXResourcesBuildPhase;
			buildActionMask = 2147483647;
			files = (
			);
			runOnlyForDeploymentPostprocessing = 0;
		};
/* End PBXResourcesBuildPhase section */

/* Begin PBXSourcesBuildPhase section */
		07E74F5521451B9F00797A60 /* Sources */ = {
			isa = PBXSourcesBuildPhase;
			buildActionMask = 2147483647;
			files = (
				07E74F5F21451B9F00797A60 /* ViewController.swift in Sources */,
				07E74F5D21451B9F00797A60 /* AppDelegate.swift in Sources */,
			);
			runOnlyForDeploymentPostprocessing = 0;
		};
		07E74F6921451BA300797A60 /* Sources */ = {
			isa = PBXSourcesBuildPhase;
			buildActionMask = 2147483647;
			files = (
				07E74F7221451BA300797A60 /* CICD_DemoTests.swift in Sources */,
			);
			runOnlyForDeploymentPostprocessing = 0;
		};
/* End PBXSourcesBuildPhase section */

/* Begin PBXTargetDependency section */
		07E74F6F21451BA300797A60 /* PBXTargetDependency */ = {
			isa = PBXTargetDependency;
			target = 07E74F5821451B9F00797A60 /* CICD_Demo */;
			targetProxy = 07E74F6E21451BA300797A60 /* PBXContainerItemProxy */;
		};
/* End PBXTargetDependency section */

/* Begin PBXVariantGroup section */
		07E74F6021451B9F00797A60 /* Main.storyboard */ = {
			isa = PBXVariantGroup;
			children = (
				07E74F6121451B9F00797A60 /* Base */,
			);
			name = Main.storyboard;
			sourceTree = "<group>";
		};
		07E74F6521451BA300797A60 /* LaunchScreen.storyboard */ = {
			isa = PBXVariantGroup;
			children = (
				07E74F6621451BA300797A60 /* Base */,
			);
			name = LaunchScreen.storyboard;
			sourceTree = "<group>";
		};
/* End PBXVariantGroup section */

/* Begin XCBuildConfiguration section */
		07E74F7421451BA300797A60 /* Debug */ = {
			isa = XCBuildConfiguration;
			buildSettings = {
				ALWAYS_SEARCH_USER_PATHS = NO;
				CLANG_ANALYZER_NONNULL = YES;
				CLANG_ANALYZER_NUMBER_OBJECT_CONVERSION = YES_AGGRESSIVE;
				CLANG_CXX_LANGUAGE_STANDARD = "gnu++14";
				CLANG_CXX_LIBRARY = "libc++";
				CLANG_ENABLE_MODULES = YES;
				CLANG_ENABLE_OBJC_ARC = YES;
				CLANG_ENABLE_OBJC_WEAK = YES;
				CLANG_WARN_BLOCK_CAPTURE_AUTORELEASING = YES;
				CLANG_WARN_BOOL_CONVERSION = YES;
				CLANG_WARN_COMMA = YES;
				CLANG_WARN_CONSTANT_CONVERSION = YES;
				CLANG_WARN_DEPRECATED_OBJC_IMPLEMENTATIONS = YES;
				CLANG_WARN_DIRECT_OBJC_ISA_USAGE = YES_ERROR;
				CLANG_WARN_DOCUMENTATION_COMMENTS = YES;
				CLANG_WARN_EMPTY_BODY = YES;
				CLANG_WARN_ENUM_CONVERSION = YES;
				CLANG_WARN_INFINITE_RECURSION = YES;
				CLANG_WARN_INT_CONVERSION = YES;
				CLANG_WARN_NON_LITERAL_NULL_CONVERSION = YES;
				CLANG_WARN_OBJC_IMPLICIT_RETAIN_SELF = YES;
				CLANG_WARN_OBJC_LITERAL_CONVERSION = YES;
				CLANG_WARN_OBJC_ROOT_CLASS = YES_ERROR;
				CLANG_WARN_RANGE_LOOP_ANALYSIS = YES;
				CLANG_WARN_STRICT_PROTOTYPES = YES;
				CLANG_WARN_SUSPICIOUS_MOVE = YES;
				CLANG_WARN_UNGUARDED_AVAILABILITY = YES_AGGRESSIVE;
				CLANG_WARN_UNREACHABLE_CODE = YES;
				CLANG_WARN__DUPLICATE_METHOD_MATCH = YES;
				CODE_SIGN_IDENTITY = "iPhone Developer";
				COPY_PHASE_STRIP = NO;
				DEBUG_INFORMATION_FORMAT = dwarf;
				ENABLE_STRICT_OBJC_MSGSEND = YES;
				ENABLE_TESTABILITY = YES;
				GCC_C_LANGUAGE_STANDARD = gnu11;
				GCC_DYNAMIC_NO_PIC = NO;
				GCC_NO_COMMON_BLOCKS = YES;
				GCC_OPTIMIZATION_LEVEL = 0;
				GCC_PREPROCESSOR_DEFINITIONS = (
					"DEBUG=1",
					"$(inherited)",
				);
				GCC_WARN_64_TO_32_BIT_CONVERSION = YES;
				GCC_WARN_ABOUT_RETURN_TYPE = YES_ERROR;
				GCC_WARN_UNDECLARED_SELECTOR = YES;
				GCC_WARN_UNINITIALIZED_AUTOS = YES_AGGRESSIVE;
				GCC_WARN_UNUSED_FUNCTION = YES;
				GCC_WARN_UNUSED_VARIABLE = YES;
				IPHONEOS_DEPLOYMENT_TARGET = 11.4;
				MTL_ENABLE_DEBUG_INFO = YES;
				ONLY_ACTIVE_ARCH = YES;
				SDKROOT = iphoneos;
				SWIFT_ACTIVE_COMPILATION_CONDITIONS = DEBUG;
				SWIFT_OPTIMIZATION_LEVEL = "-Onone";
			};
			name = Debug;
		};
		07E74F7521451BA300797A60 /* Release */ = {
			isa = XCBuildConfiguration;
			buildSettings = {
				ALWAYS_SEARCH_USER_PATHS = NO;
				CLANG_ANALYZER_NONNULL = YES;
				CLANG_ANALYZER_NUMBER_OBJECT_CONVERSION = YES_AGGRESSIVE;
				CLANG_CXX_LANGUAGE_STANDARD = "gnu++14";
				CLANG_CXX_LIBRARY = "libc++";
				CLANG_ENABLE_MODULES = YES;
				CLANG_ENABLE_OBJC_ARC = YES;
				CLANG_ENABLE_OBJC_WEAK = YES;
				CLANG_WARN_BLOCK_CAPTURE_AUTORELEASING = YES;
				CLANG_WARN_BOOL_CONVERSION = YES;
				CLANG_WARN_COMMA = YES;
				CLANG_WARN_CONSTANT_CONVERSION = YES;
				CLANG_WARN_DEPRECATED_OBJC_IMPLEMENTATIONS = YES;
				CLANG_WARN_DIRECT_OBJC_ISA_USAGE = YES_ERROR;
				CLANG_WARN_DOCUMENTATION_COMMENTS = YES;
				CLANG_WARN_EMPTY_BODY = YES;
				CLANG_WARN_ENUM_CONVERSION = YES;
				CLANG_WARN_INFINITE_RECURSION = YES;
				CLANG_WARN_INT_CONVERSION = YES;
				CLANG_WARN_NON_LITERAL_NULL_CONVERSION = YES;
				CLANG_WARN_OBJC_IMPLICIT_RETAIN_SELF = YES;
				CLANG_WARN_OBJC_LITERAL_CONVERSION = YES;
				CLANG_WARN_OBJC_ROOT_CLASS = YES_ERROR;
				CLANG_WARN_RANGE_LOOP_ANALYSIS = YES;
				CLANG_WARN_STRICT_PROTOTYPES = YES;
				CLANG_WARN_SUSPICIOUS_MOVE = YES;
				CLANG_WARN_UNGUARDED_AVAILABILITY = YES_AGGRESSIVE;
				CLANG_WARN_UNREACHABLE_CODE = YES;
				CLANG_WARN__DUPLICATE_METHOD_MATCH = YES;
				CODE_SIGN_IDENTITY = "iPhone Developer";
				COPY_PHASE_STRIP = NO;
				DEBUG_INFORMATION_FORMAT = "dwarf-with-dsym";
				ENABLE_NS_ASSERTIONS = NO;
				ENABLE_STRICT_OBJC_MSGSEND = YES;
				GCC_C_LANGUAGE_STANDARD = gnu11;
				GCC_NO_COMMON_BLOCKS = YES;
				GCC_WARN_64_TO_32_BIT_CONVERSION = YES;
				GCC_WARN_ABOUT_RETURN_TYPE = YES_ERROR;
				GCC_WARN_UNDECLARED_SELECTOR = YES;
				GCC_WARN_UNINITIALIZED_AUTOS = YES_AGGRESSIVE;
				GCC_WARN_UNUSED_FUNCTION = YES;
				GCC_WARN_UNUSED_VARIABLE = YES;
				IPHONEOS_DEPLOYMENT_TARGET = 11.4;
				MTL_ENABLE_DEBUG_INFO = NO;
				SDKROOT = iphoneos;
				SWIFT_COMPILATION_MODE = wholemodule;
				SWIFT_OPTIMIZATION_LEVEL = "-O";
				VALIDATE_PRODUCT = YES;
			};
			name = Release;
		};
		07E74F7721451BA300797A60 /* Debug */ = {
			isa = XCBuildConfiguration;
			buildSettings = {
				ASSETCATALOG_COMPILER_APPICON_NAME = AppIcon;
				CODE_SIGN_STYLE = Automatic;
				DEVELOPMENT_TEAM = HV7YQRBGLU;
				INFOPLIST_FILE = CICD_Demo/Info.plist;
				LD_RUNPATH_SEARCH_PATHS = (
					"$(inherited)",
					"@executable_path/Frameworks",
				);
				PRODUCT_BUNDLE_IDENTIFIER = "tw.HungCLo.CICD-Demo";
				PRODUCT_NAME = "$(TARGET_NAME)";
				SWIFT_VERSION = 4.0;
				TARGETED_DEVICE_FAMILY = "1,2";
			};
			name = Debug;
		};
		07E74F7821451BA300797A60 /* Release */ = {
			isa = XCBuildConfiguration;
			buildSettings = {
				ASSETCATALOG_COMPILER_APPICON_NAME = AppIcon;
				CODE_SIGN_STYLE = Automatic;
				DEVELOPMENT_TEAM = HV7YQRBGLU;
				INFOPLIST_FILE = CICD_Demo/Info.plist;
				LD_RUNPATH_SEARCH_PATHS = (
					"$(inherited)",
					"@executable_path/Frameworks",
				);
				PRODUCT_BUNDLE_IDENTIFIER = "tw.HungCLo.CICD-Demo";
				PRODUCT_NAME = "$(TARGET_NAME)";
				SWIFT_VERSION = 4.0;
				TARGETED_DEVICE_FAMILY = "1,2";
			};
			name = Release;
		};
		07E74F7A21451BA300797A60 /* Debug */ = {
			isa = XCBuildConfiguration;
			buildSettings = {
				ALWAYS_EMBED_SWIFT_STANDARD_LIBRARIES = YES;
				BUNDLE_LOADER = "$(TEST_HOST)";
				CODE_SIGN_STYLE = Automatic;
				DEVELOPMENT_TEAM = HV7YQRBGLU;
				INFOPLIST_FILE = CICD_DemoTests/Info.plist;
				LD_RUNPATH_SEARCH_PATHS = (
					"$(inherited)",
					"@executable_path/Frameworks",
					"@loader_path/Frameworks",
				);
				PRODUCT_BUNDLE_IDENTIFIER = "tw.HungCLo.CICD-DemoTests";
				PRODUCT_NAME = "$(TARGET_NAME)";
				SWIFT_VERSION = 4.0;
				TARGETED_DEVICE_FAMILY = "1,2";
				TEST_HOST = "$(BUILT_PRODUCTS_DIR)/CICD_Demo.app/CICD_Demo";
			};
			name = Debug;
		};
		07E74F7B21451BA300797A60 /* Release */ = {
			isa = XCBuildConfiguration;
			buildSettings = {
				ALWAYS_EMBED_SWIFT_STANDARD_LIBRARIES = YES;
				BUNDLE_LOADER = "$(TEST_HOST)";
				CODE_SIGN_STYLE = Automatic;
				DEVELOPMENT_TEAM = HV7YQRBGLU;
				INFOPLIST_FILE = CICD_DemoTests/Info.plist;
				LD_RUNPATH_SEARCH_PATHS = (
					"$(inherited)",
					"@executable_path/Frameworks",
					"@loader_path/Frameworks",
				);
				PRODUCT_BUNDLE_IDENTIFIER = "tw.HungCLo.CICD-DemoTests";
				PRODUCT_NAME = "$(TARGET_NAME)";
				SWIFT_VERSION = 4.0;
				TARGETED_DEVICE_FAMILY = "1,2";
				TEST_HOST = "$(BUILT_PRODUCTS_DIR)/CICD_Demo.app/CICD_Demo";
			};
			name = Release;
		};
/* End XCBuildConfiguration section */

/* Begin XCConfigurationList section */
		07E74F5421451B9F00797A60 /* Build configuration list for PBXProject "CICD_Demo" */ = {
			isa = XCConfigurationList;
			buildConfigurations = (
				07E74F7421451BA300797A60 /* Debug */,
				07E74F7521451BA300797A60 /* Release */,
			);
			defaultConfigurationIsVisible = 0;
			defaultConfigurationName = Release;
		};
		07E74F7621451BA300797A60 /* Build configuration list for PBXNativeTarget "CICD_Demo" */ = {
			isa = XCConfigurationList;
			buildConfigurations = (
				07E74F7721451BA300797A60 /* Debug */,
				07E74F7821451BA300797A60 /* Release */,
			);
			defaultConfigurationIsVisible = 0;
			defaultConfigurationName = Release;
		};
		07E74F7921451BA300797A60 /* Build configuration list for PBXNativeTarget "CICD_DemoTests" */ = {
			isa = XCConfigurationList;
			buildConfigurations = (
				07E74F7A21451BA300797A60 /* Debug */,
				07E74F7B21451BA300797A60 /* Release */,
			);
			defaultConfigurationIsVisible = 0;
			defaultConfigurationName = Release;
		};
/* End XCConfigurationList section */
	};
	rootObject = 07E74F5121451B9F00797A60 /* Project object */;
}
